
Microsoft Visual Studio Solution File, Format Version 12.00
# Visual Studio Version 17
VisualStudioVersion = 17.9.34723.18
MinimumVisualStudioVersion = 10.0.40219.1
Project("{9A19103F-16F7-4668-BE54-9A1E7A4F7556}") = "SocialPulseCommunityWeb", "WebApplication1\SocialPulseCommunityWeb.csproj", "{16777F0B-D60F-48A1-BEB6-5AAAE652F318}"
EndProject
Global
	GlobalSection(SolutionConfigurationPlatforms) = preSolution
		Debug|Any CPU = Debug|Any CPU
		Release|Any CPU = Release|Any CPU
	EndGlobalSection
	GlobalSection(ProjectConfigurationPlatforms) = postSolution
		{16777F0B-D60F-48A1-BEB6-5AAAE652F318}.Debug|Any CPU.ActiveCfg = Debug|Any CPU
		{16777F0B-D60F-48A1-BEB6-5AAAE652F318}.Debug|Any CPU.Build.0 = Debug|Any CPU
		{16777F0B-D60F-48A1-BEB6-5AAAE652F318}.Release|Any CPU.ActiveCfg = Release|Any CPU
		{16777F0B-D60F-48A1-BEB6-5AAAE652F318}.Release|Any CPU.Build.0 = Release|Any CPU
	EndGlobalSection
	GlobalSection(SolutionProperties) = preSolution
		HideSolutionNode = FALSE
	EndGlobalSection
	GlobalSection(ExtensibilityGlobals) = postSolution
		SolutionGuid = {BC985508-AD75-4CFF-BCFD-C07D40BB8117}
	EndGlobalSection
EndGlobal
